
Microsoft Visual Studio Solution File, Format Version 12.00
# Visual Studio Version 17
VisualStudioVersion = 17.10.35027.167
MinimumVisualStudioVersion = 10.0.40219.1
Project("{FAE04EC0-301F-11D3-BF4B-00C04F79EFBC}") = "PeaceDaBoll", "PeaceDaBoll.csproj", "{7F5F804D-98E1-4004-8645-BA6D7732EF2C}"
EndProject
Global
	GlobalSection(SolutionConfigurationPlatforms) = preSolution
		Debug|Any CPU = Debug|Any CPU
		Release|Any CPU = Release|Any CPU
	EndGlobalSection
	GlobalSection(ProjectConfigurationPlatforms) = postSolution
		{7F5F804D-98E1-4004-8645-BA6D7732EF2C}.Debug|Any CPU.ActiveCfg = Debug|Any CPU
		{7F5F804D-98E1-4004-8645-BA6D7732EF2C}.Debug|Any CPU.Build.0 = Debug|Any CPU
		{7F5F804D-98E1-4004-8645-BA6D7732EF2C}.Release|Any CPU.ActiveCfg = Release|Any CPU
		{7F5F804D-98E1-4004-8645-BA6D7732EF2C}.Release|Any CPU.Build.0 = Release|Any CPU
	EndGlobalSection
	GlobalSection(SolutionProperties) = preSolution
		HideSolutionNode = FALSE
	EndGlobalSection
	GlobalSection(ExtensibilityGlobals) = postSolution
		SolutionGuid = {4023AD10-582F-4AEF-BEA8-03AF7DD74946}
	EndGlobalSection
EndGlobal
